{
  "pins" : [
    {
      "identity" : "igetgroceriessharedui",
      "kind" : "remoteSourceControl",
      "location" : "https://github.com/iGetGroceries/iGetGroceriesSharedUI.git",
      "state" : {
        "branch" : "main",
        "revision" : "4602f03aab3c22fe99187afe8a9242ba1d4c4a52"
      }
    },
    {
      "identity" : "nnswiftuikit",
      "kind" : "remoteSourceControl",
      "location" : "https://github.com/nikolainobadi/NnSwiftUIKit",
      "state" : {
        "branch" : "main",
        "revision" : "1a18f7240313013e6c1741d497680e217978c9b2"
      }
    }
  ],
  "version" : 2
}
