{
  "pins" : [
    {
      "identity" : "igetgroceriessharedui",
      "kind" : "remoteSourceControl",
      "location" : "https://github.com/iGetGroceries/iGetGroceriesSharedUI.git",
      "state" : {
        "revision" : "cb3faafaa3877fbcb92c1e68f43c665c9b4bc5cf",
        "version" : "1.0.0"
      }
    },
    {
      "identity" : "nnswiftuikit",
      "kind" : "remoteSourceControl",
      "location" : "https://github.com/nikolainobadi/NnSwiftUIKit",
      "state" : {
        "revision" : "da5e34af67ac849e5e50e4c947c8003073e3a8c0",
        "version" : "2.0.0"
      }
    },
    {
      "identity" : "nntestkit",
      "kind" : "remoteSourceControl",
      "location" : "https://github.com/nikolainobadi/NnTestKit",
      "state" : {
        "revision" : "b4a4bdfae12977b9e0e1c157eae6e78c96adb935",
        "version" : "1.1.0"
      }
    }
  ],
  "version" : 2
}
