{
  "pins" : [
    {
      "identity" : "igetgroceriessharedui",
      "kind" : "remoteSourceControl",
      "location" : "https://github.com/iGetGroceries/iGetGroceriesSharedUI.git",
      "state" : {
        "branch" : "main",
        "revision" : "b538acdfc81c52fdb602fa187436b1b360017042"
      }
    },
    {
      "identity" : "nnswiftuikit",
      "kind" : "remoteSourceControl",
      "location" : "https://github.com/nikolainobadi/NnSwiftUIKit",
      "state" : {
        "revision" : "1a18f7240313013e6c1741d497680e217978c9b2",
        "version" : "1.0.0"
      }
    }
  ],
  "version" : 2
}
